// !$*UTF8*$!
{
	archiveVersion = 1;
	classes = {
	};
	objectVersion = 50;
	objects = {

/* Begin PBXBuildFile section */
		A41EF22D2104588F005A08D4 /* AppDelegate.swift in Sources */ = {isa = PBXBuildFile; fileRef = A41EF22C2104588F005A08D4 /* AppDelegate.swift */; };
		A41EF22F2104588F005A08D4 /* MatchViewController.swift in Sources */ = {isa = PBXBuildFile; fileRef = A41EF22E2104588F005A08D4 /* MatchViewController.swift */; };
		A41EF2322104588F005A08D4 /* Main.storyboard in Resources */ = {isa = PBXBuildFile; fileRef = A41EF2302104588F005A08D4 /* Main.storyboard */; };
		A41EF23421045890005A08D4 /* Assets.xcassets in Resources */ = {isa = PBXBuildFile; fileRef = A41EF23321045890005A08D4 /* Assets.xcassets */; };
		A41EF23721045890005A08D4 /* LaunchScreen.storyboard in Resources */ = {isa = PBXBuildFile; fileRef = A41EF23521045890005A08D4 /* LaunchScreen.storyboard */; };
		A41EF24221045890005A08D4 /* SportsTests.swift in Sources */ = {isa = PBXBuildFile; fileRef = A41EF24121045890005A08D4 /* SportsTests.swift */; };
		A41EF24D21045890005A08D4 /* SportsUITests.swift in Sources */ = {isa = PBXBuildFile; fileRef = A41EF24C21045890005A08D4 /* SportsUITests.swift */; };
		A41EF25C21045FC0005A08D4 /* Match.swift in Sources */ = {isa = PBXBuildFile; fileRef = A41EF25B21045FC0005A08D4 /* Match.swift */; };
		A421E4D92104604C007A2CCC /* IndividualStats.swift in Sources */ = {isa = PBXBuildFile; fileRef = A421E4D82104604C007A2CCC /* IndividualStats.swift */; };
		A421E4DB210462AF007A2CCC /* NetworkManager.swift in Sources */ = {isa = PBXBuildFile; fileRef = A421E4DA210462AF007A2CCC /* NetworkManager.swift */; };
		A421E4DE2104633E007A2CCC /* Configuration.swift in Sources */ = {isa = PBXBuildFile; fileRef = A421E4DD2104633E007A2CCC /* Configuration.swift */; };
		A4B43A9C2104A339007B7491 /* MatchStatsViewModel.swift in Sources */ = {isa = PBXBuildFile; fileRef = A4B43A9B2104A339007B7491 /* MatchStatsViewModel.swift */; };
		A4B43A9F2104A5CB007B7491 /* PlayerTableViewCell.swift in Sources */ = {isa = PBXBuildFile; fileRef = A4B43A9D2104A5CB007B7491 /* PlayerTableViewCell.swift */; };
		A4B43AA02104A5CB007B7491 /* PlayerTableViewCell.xib in Resources */ = {isa = PBXBuildFile; fileRef = A4B43A9E2104A5CB007B7491 /* PlayerTableViewCell.xib */; };
		A4B43AAC2105E32E007B7491 /* UIImageViewExtensions.swift in Sources */ = {isa = PBXBuildFile; fileRef = A4B43AAB2105E32D007B7491 /* UIImageViewExtensions.swift */; };
		A4B43AB42105F98E007B7491 /* PlayerDetailViewController.swift in Sources */ = {isa = PBXBuildFile; fileRef = A4B43AB32105F98E007B7491 /* PlayerDetailViewController.swift */; };
		A4B43AB72105F9F6007B7491 /* PlayerViewModel.swift in Sources */ = {isa = PBXBuildFile; fileRef = A4B43AB62105F9F6007B7491 /* PlayerViewModel.swift */; };
		A4B43AB921068F94007B7491 /* PlayerView.xib in Resources */ = {isa = PBXBuildFile; fileRef = A4B43AB821068F94007B7491 /* PlayerView.xib */; };
		A4B43ABB21068FB3007B7491 /* PlayerView.swift in Sources */ = {isa = PBXBuildFile; fileRef = A4B43ABA21068FB3007B7491 /* PlayerView.swift */; };
		A4C10C672106B0CA00A3603D /* PlayerImageView.swift in Sources */ = {isa = PBXBuildFile; fileRef = A4C10C662106B0CA00A3603D /* PlayerImageView.swift */; };
		A4C10C692106C84F00A3603D /* IndividualStatsViewModel.swift in Sources */ = {isa = PBXBuildFile; fileRef = A4C10C682106C84F00A3603D /* IndividualStatsViewModel.swift */; };
/* End PBXBuildFile section */

/* Begin PBXContainerItemProxy section */
		A41EF23E21045890005A08D4 /* PBXContainerItemProxy */ = {
			isa = PBXContainerItemProxy;
			containerPortal = A41EF2212104588F005A08D4 /* Project object */;
			proxyType = 1;
			remoteGlobalIDString = A41EF2282104588F005A08D4;
			remoteInfo = Sports;
		};
		A41EF24921045890005A08D4 /* PBXContainerItemProxy */ = {
			isa = PBXContainerItemProxy;
			containerPortal = A41EF2212104588F005A08D4 /* Project object */;
			proxyType = 1;
			remoteGlobalIDString = A41EF2282104588F005A08D4;
			remoteInfo = Sports;
		};
/* End PBXContainerItemProxy section */

/* Begin PBXFileReference section */
		A41EF2292104588F005A08D4 /* Sports.app */ = {isa = PBXFileReference; explicitFileType = wrapper.application; includeInIndex = 0; path = Sports.app; sourceTree = BUILT_PRODUCTS_DIR; };
		A41EF22C2104588F005A08D4 /* AppDelegate.swift */ = {isa = PBXFileReference; lastKnownFileType = sourcecode.swift; path = AppDelegate.swift; sourceTree = "<group>"; };
		A41EF22E2104588F005A08D4 /* MatchViewController.swift */ = {isa = PBXFileReference; lastKnownFileType = sourcecode.swift; path = MatchViewController.swift; sourceTree = "<group>"; };
		A41EF2312104588F005A08D4 /* Base */ = {isa = PBXFileReference; lastKnownFileType = file.storyboard; name = Base; path = Base.lproj/Main.storyboard; sourceTree = "<group>"; };
		A41EF23321045890005A08D4 /* Assets.xcassets */ = {isa = PBXFileReference; lastKnownFileType = folder.assetcatalog; path = Assets.xcassets; sourceTree = "<group>"; };
		A41EF23621045890005A08D4 /* Base */ = {isa = PBXFileReference; lastKnownFileType = file.storyboard; name = Base; path = Base.lproj/LaunchScreen.storyboard; sourceTree = "<group>"; };
		A41EF23821045890005A08D4 /* Info.plist */ = {isa = PBXFileReference; lastKnownFileType = text.plist.xml; path = Info.plist; sourceTree = "<group>"; };
		A41EF23D21045890005A08D4 /* SportsTests.xctest */ = {isa = PBXFileReference; explicitFileType = wrapper.cfbundle; includeInIndex = 0; path = SportsTests.xctest; sourceTree = BUILT_PRODUCTS_DIR; };
		A41EF24121045890005A08D4 /* SportsTests.swift */ = {isa = PBXFileReference; lastKnownFileType = sourcecode.swift; path = SportsTests.swift; sourceTree = "<group>"; };
		A41EF24321045890005A08D4 /* Info.plist */ = {isa = PBXFileReference; lastKnownFileType = text.plist.xml; path = Info.plist; sourceTree = "<group>"; };
		A41EF24821045890005A08D4 /* SportsUITests.xctest */ = {isa = PBXFileReference; explicitFileType = wrapper.cfbundle; includeInIndex = 0; path = SportsUITests.xctest; sourceTree = BUILT_PRODUCTS_DIR; };
		A41EF24C21045890005A08D4 /* SportsUITests.swift */ = {isa = PBXFileReference; lastKnownFileType = sourcecode.swift; path = SportsUITests.swift; sourceTree = "<group>"; };
		A41EF24E21045890005A08D4 /* Info.plist */ = {isa = PBXFileReference; lastKnownFileType = text.plist.xml; path = Info.plist; sourceTree = "<group>"; };
		A41EF25B21045FC0005A08D4 /* Match.swift */ = {isa = PBXFileReference; lastKnownFileType = sourcecode.swift; path = Match.swift; sourceTree = "<group>"; };
		A421E4D82104604C007A2CCC /* IndividualStats.swift */ = {isa = PBXFileReference; lastKnownFileType = sourcecode.swift; path = IndividualStats.swift; sourceTree = "<group>"; };
		A421E4DA210462AF007A2CCC /* NetworkManager.swift */ = {isa = PBXFileReference; lastKnownFileType = sourcecode.swift; path = NetworkManager.swift; sourceTree = "<group>"; };
		A421E4DD2104633E007A2CCC /* Configuration.swift */ = {isa = PBXFileReference; lastKnownFileType = sourcecode.swift; path = Configuration.swift; sourceTree = "<group>"; };
		A4B43A9B2104A339007B7491 /* MatchStatsViewModel.swift */ = {isa = PBXFileReference; lastKnownFileType = sourcecode.swift; path = MatchStatsViewModel.swift; sourceTree = "<group>"; };
		A4B43A9D2104A5CB007B7491 /* PlayerTableViewCell.swift */ = {isa = PBXFileReference; lastKnownFileType = sourcecode.swift; path = PlayerTableViewCell.swift; sourceTree = "<group>"; };
		A4B43A9E2104A5CB007B7491 /* PlayerTableViewCell.xib */ = {isa = PBXFileReference; lastKnownFileType = file.xib; path = PlayerTableViewCell.xib; sourceTree = "<group>"; };
		A4B43AAB2105E32D007B7491 /* UIImageViewExtensions.swift */ = {isa = PBXFileReference; lastKnownFileType = sourcecode.swift; path = UIImageViewExtensions.swift; sourceTree = "<group>"; };
		A4B43AB32105F98E007B7491 /* PlayerDetailViewController.swift */ = {isa = PBXFileReference; lastKnownFileType = sourcecode.swift; path = PlayerDetailViewController.swift; sourceTree = "<group>"; };
		A4B43AB62105F9F6007B7491 /* PlayerViewModel.swift */ = {isa = PBXFileReference; lastKnownFileType = sourcecode.swift; path = PlayerViewModel.swift; sourceTree = "<group>"; };
		A4B43AB821068F94007B7491 /* PlayerView.xib */ = {isa = PBXFileReference; lastKnownFileType = file.xib; path = PlayerView.xib; sourceTree = "<group>"; };
		A4B43ABA21068FB3007B7491 /* PlayerView.swift */ = {isa = PBXFileReference; lastKnownFileType = sourcecode.swift; path = PlayerView.swift; sourceTree = "<group>"; };
		A4C10C662106B0CA00A3603D /* PlayerImageView.swift */ = {isa = PBXFileReference; lastKnownFileType = sourcecode.swift; path = PlayerImageView.swift; sourceTree = "<group>"; };
		A4C10C682106C84F00A3603D /* IndividualStatsViewModel.swift */ = {isa = PBXFileReference; lastKnownFileType = sourcecode.swift; path = IndividualStatsViewModel.swift; sourceTree = "<group>"; };
/* End PBXFileReference section */

/* Begin PBXFrameworksBuildPhase section */
		A41EF2262104588F005A08D4 /* Frameworks */ = {
			isa = PBXFrameworksBuildPhase;
			buildActionMask = 2147483647;
			files = (
			);
			runOnlyForDeploymentPostprocessing = 0;
		};
		A41EF23A21045890005A08D4 /* Frameworks */ = {
			isa = PBXFrameworksBuildPhase;
			buildActionMask = 2147483647;
			files = (
			);
			runOnlyForDeploymentPostprocessing = 0;
		};
		A41EF24521045890005A08D4 /* Frameworks */ = {
			isa = PBXFrameworksBuildPhase;
			buildActionMask = 2147483647;
			files = (
			);
			runOnlyForDeploymentPostprocessing = 0;
		};
/* End PBXFrameworksBuildPhase section */

/* Begin PBXGroup section */
		A41EF2202104588F005A08D4 = {
			isa = PBXGroup;
			children = (
				A41EF22B2104588F005A08D4 /* Sports */,
				A41EF24021045890005A08D4 /* SportsTests */,
				A41EF24B21045890005A08D4 /* SportsUITests */,
				A41EF22A2104588F005A08D4 /* Products */,
			);
			sourceTree = "<group>";
		};
		A41EF22A2104588F005A08D4 /* Products */ = {
			isa = PBXGroup;
			children = (
				A41EF2292104588F005A08D4 /* Sports.app */,
				A41EF23D21045890005A08D4 /* SportsTests.xctest */,
				A41EF24821045890005A08D4 /* SportsUITests.xctest */,
			);
			name = Products;
			sourceTree = "<group>";
		};
		A41EF22B2104588F005A08D4 /* Sports */ = {
			isa = PBXGroup;
			children = (
				A4B43AB52105F998007B7491 /* Controller */,
				A4B43A93210479E7007B7491 /* View */,
				A421E4E4210467BD007A2CCC /* Util */,
				A41EF25A21045FA1005A08D4 /* Model */,
				A41EF22C2104588F005A08D4 /* AppDelegate.swift */,
				A41EF2302104588F005A08D4 /* Main.storyboard */,
				A41EF23321045890005A08D4 /* Assets.xcassets */,
				A41EF23521045890005A08D4 /* LaunchScreen.storyboard */,
				A41EF23821045890005A08D4 /* Info.plist */,
			);
			path = Sports;
			sourceTree = "<group>";
		};
		A41EF24021045890005A08D4 /* SportsTests */ = {
			isa = PBXGroup;
			children = (
				A41EF24121045890005A08D4 /* SportsTests.swift */,
				A41EF24321045890005A08D4 /* Info.plist */,
			);
			path = SportsTests;
			sourceTree = "<group>";
		};
		A41EF24B21045890005A08D4 /* SportsUITests */ = {
			isa = PBXGroup;
			children = (
				A41EF24C21045890005A08D4 /* SportsUITests.swift */,
				A41EF24E21045890005A08D4 /* Info.plist */,
			);
			path = SportsUITests;
			sourceTree = "<group>";
		};
		A41EF25A21045FA1005A08D4 /* Model */ = {
			isa = PBXGroup;
			children = (
				A41EF25B21045FC0005A08D4 /* Match.swift */,
				A421E4D82104604C007A2CCC /* IndividualStats.swift */,
				A4B43A9B2104A339007B7491 /* MatchStatsViewModel.swift */,
				A4B43AB62105F9F6007B7491 /* PlayerViewModel.swift */,
				A4C10C682106C84F00A3603D /* IndividualStatsViewModel.swift */,
			);
			path = Model;
			sourceTree = "<group>";
		};
		A421E4E4210467BD007A2CCC /* Util */ = {
			isa = PBXGroup;
			children = (
				A421E4DA210462AF007A2CCC /* NetworkManager.swift */,
				A421E4DD2104633E007A2CCC /* Configuration.swift */,
				A4B43AAB2105E32D007B7491 /* UIImageViewExtensions.swift */,
				A4C10C662106B0CA00A3603D /* PlayerImageView.swift */,
			);
			path = Util;
			sourceTree = "<group>";
		};
		A4B43A93210479E7007B7491 /* View */ = {
			isa = PBXGroup;
			children = (
				A4B43A9D2104A5CB007B7491 /* PlayerTableViewCell.swift */,
				A4B43A9E2104A5CB007B7491 /* PlayerTableViewCell.xib */,
				A4B43AB821068F94007B7491 /* PlayerView.xib */,
				A4B43ABA21068FB3007B7491 /* PlayerView.swift */,
			);
			path = View;
			sourceTree = "<group>";
		};
		A4B43AB52105F998007B7491 /* Controller */ = {
			isa = PBXGroup;
			children = (
				A4B43AB32105F98E007B7491 /* PlayerDetailViewController.swift */,
				A41EF22E2104588F005A08D4 /* MatchViewController.swift */,
			);
			path = Controller;
			sourceTree = "<group>";
		};
/* End PBXGroup section */

/* Begin PBXNativeTarget section */
		A41EF2282104588F005A08D4 /* Sports */ = {
			isa = PBXNativeTarget;
			buildConfigurationList = A41EF25121045890005A08D4 /* Build configuration list for PBXNativeTarget "Sports" */;
			buildPhases = (
				A41EF2252104588F005A08D4 /* Sources */,
				A41EF2262104588F005A08D4 /* Frameworks */,
				A41EF2272104588F005A08D4 /* Resources */,
			);
			buildRules = (
			);
			dependencies = (
			);
			name = Sports;
			productName = Sports;
			productReference = A41EF2292104588F005A08D4 /* Sports.app */;
			productType = "com.apple.product-type.application";
		};
		A41EF23C21045890005A08D4 /* SportsTests */ = {
			isa = PBXNativeTarget;
			buildConfigurationList = A41EF25421045890005A08D4 /* Build configuration list for PBXNativeTarget "SportsTests" */;
			buildPhases = (
				A41EF23921045890005A08D4 /* Sources */,
				A41EF23A21045890005A08D4 /* Frameworks */,
				A41EF23B21045890005A08D4 /* Resources */,
			);
			buildRules = (
			);
			dependencies = (
				A41EF23F21045890005A08D4 /* PBXTargetDependency */,
			);
			name = SportsTests;
			productName = SportsTests;
			productReference = A41EF23D21045890005A08D4 /* SportsTests.xctest */;
			productType = "com.apple.product-type.bundle.unit-test";
		};
		A41EF24721045890005A08D4 /* SportsUITests */ = {
			isa = PBXNativeTarget;
			buildConfigurationList = A41EF25721045890005A08D4 /* Build configuration list for PBXNativeTarget "SportsUITests" */;
			buildPhases = (
				A41EF24421045890005A08D4 /* Sources */,
				A41EF24521045890005A08D4 /* Frameworks */,
				A41EF24621045890005A08D4 /* Resources */,
			);
			buildRules = (
			);
			dependencies = (
				A41EF24A21045890005A08D4 /* PBXTargetDependency */,
			);
			name = SportsUITests;
			productName = SportsUITests;
			productReference = A41EF24821045890005A08D4 /* SportsUITests.xctest */;
			productType = "com.apple.product-type.bundle.ui-testing";
		};
/* End PBXNativeTarget section */

/* Begin PBXProject section */
		A41EF2212104588F005A08D4 /* Project object */ = {
			isa = PBXProject;
			attributes = {
				LastSwiftUpdateCheck = 0940;
				LastUpgradeCheck = 0940;
				ORGANIZATIONNAME = DeanParreno;
				TargetAttributes = {
					A41EF2282104588F005A08D4 = {
						CreatedOnToolsVersion = 9.4.1;
					};
					A41EF23C21045890005A08D4 = {
						CreatedOnToolsVersion = 9.4.1;
						TestTargetID = A41EF2282104588F005A08D4;
					};
					A41EF24721045890005A08D4 = {
						CreatedOnToolsVersion = 9.4.1;
						TestTargetID = A41EF2282104588F005A08D4;
					};
				};
			};
			buildConfigurationList = A41EF2242104588F005A08D4 /* Build configuration list for PBXProject "Sports" */;
			compatibilityVersion = "Xcode 9.3";
			developmentRegion = en;
			hasScannedForEncodings = 0;
			knownRegions = (
				en,
				Base,
			);
			mainGroup = A41EF2202104588F005A08D4;
			productRefGroup = A41EF22A2104588F005A08D4 /* Products */;
			projectDirPath = "";
			projectRoot = "";
			targets = (
				A41EF2282104588F005A08D4 /* Sports */,
				A41EF23C21045890005A08D4 /* SportsTests */,
				A41EF24721045890005A08D4 /* SportsUITests */,
			);
		};
/* End PBXProject section */

/* Begin PBXResourcesBuildPhase section */
		A41EF2272104588F005A08D4 /* Resources */ = {
			isa = PBXResourcesBuildPhase;
			buildActionMask = 2147483647;
			files = (
				A4B43AA02104A5CB007B7491 /* PlayerTableViewCell.xib in Resources */,
				A41EF23721045890005A08D4 /* LaunchScreen.storyboard in Resources */,
				A41EF23421045890005A08D4 /* Assets.xcassets in Resources */,
				A41EF2322104588F005A08D4 /* Main.storyboard in Resources */,
				A4B43AB921068F94007B7491 /* PlayerView.xib in Resources */,
			);
			runOnlyForDeploymentPostprocessing = 0;
		};
		A41EF23B21045890005A08D4 /* Resources */ = {
			isa = PBXResourcesBuildPhase;
			buildActionMask = 2147483647;
			files = (
			);
			runOnlyForDeploymentPostprocessing = 0;
		};
		A41EF24621045890005A08D4 /* Resources */ = {
			isa = PBXResourcesBuildPhase;
			buildActionMask = 2147483647;
			files = (
			);
			runOnlyForDeploymentPostprocessing = 0;
		};
/* End PBXResourcesBuildPhase section */

/* Begin PBXSourcesBuildPhase section */
		A41EF2252104588F005A08D4 /* Sources */ = {
			isa = PBXSourcesBuildPhase;
			buildActionMask = 2147483647;
			files = (
				A4B43A9C2104A339007B7491 /* MatchStatsViewModel.swift in Sources */,
				A421E4DE2104633E007A2CCC /* Configuration.swift in Sources */,
				A4B43AB42105F98E007B7491 /* PlayerDetailViewController.swift in Sources */,
				A421E4D92104604C007A2CCC /* IndividualStats.swift in Sources */,
				A4C10C672106B0CA00A3603D /* PlayerImageView.swift in Sources */,
				A41EF22F2104588F005A08D4 /* MatchViewController.swift in Sources */,
				A4B43AB72105F9F6007B7491 /* PlayerViewModel.swift in Sources */,
				A4B43ABB21068FB3007B7491 /* PlayerView.swift in Sources */,
				A421E4DB210462AF007A2CCC /* NetworkManager.swift in Sources */,
				A4B43A9F2104A5CB007B7491 /* PlayerTableViewCell.swift in Sources */,
				A4C10C692106C84F00A3603D /* IndividualStatsViewModel.swift in Sources */,
				A41EF22D2104588F005A08D4 /* AppDelegate.swift in Sources */,
				A4B43AAC2105E32E007B7491 /* UIImageViewExtensions.swift in Sources */,
				A41EF25C21045FC0005A08D4 /* Match.swift in Sources */,
			);
			runOnlyForDeploymentPostprocessing = 0;
		};
		A41EF23921045890005A08D4 /* Sources */ = {
			isa = PBXSourcesBuildPhase;
			buildActionMask = 2147483647;
			files = (
				A41EF24221045890005A08D4 /* SportsTests.swift in Sources */,
			);
			runOnlyForDeploymentPostprocessing = 0;
		};
		A41EF24421045890005A08D4 /* Sources */ = {
			isa = PBXSourcesBuildPhase;
			buildActionMask = 2147483647;
			files = (
				A41EF24D21045890005A08D4 /* SportsUITests.swift in Sources */,
			);
			runOnlyForDeploymentPostprocessing = 0;
		};
/* End PBXSourcesBuildPhase section */

/* Begin PBXTargetDependency section */
		A41EF23F21045890005A08D4 /* PBXTargetDependency */ = {
			isa = PBXTargetDependency;
			target = A41EF2282104588F005A08D4 /* Sports */;
			targetProxy = A41EF23E21045890005A08D4 /* PBXContainerItemProxy */;
		};
		A41EF24A21045890005A08D4 /* PBXTargetDependency */ = {
			isa = PBXTargetDependency;
			target = A41EF2282104588F005A08D4 /* Sports */;
			targetProxy = A41EF24921045890005A08D4 /* PBXContainerItemProxy */;
		};
/* End PBXTargetDependency section */

/* Begin PBXVariantGroup section */
		A41EF2302104588F005A08D4 /* Main.storyboard */ = {
			isa = PBXVariantGroup;
			children = (
				A41EF2312104588F005A08D4 /* Base */,
			);
			name = Main.storyboard;
			sourceTree = "<group>";
		};
		A41EF23521045890005A08D4 /* LaunchScreen.storyboard */ = {
			isa = PBXVariantGroup;
			children = (
				A41EF23621045890005A08D4 /* Base */,
			);
			name = LaunchScreen.storyboard;
			sourceTree = "<group>";
		};
/* End PBXVariantGroup section */

/* Begin XCBuildConfiguration section */
		A41EF24F21045890005A08D4 /* Debug */ = {
			isa = XCBuildConfiguration;
			buildSettings = {
				ALWAYS_SEARCH_USER_PATHS = NO;
				CLANG_ANALYZER_NONNULL = YES;
				CLANG_ANALYZER_NUMBER_OBJECT_CONVERSION = YES_AGGRESSIVE;
				CLANG_CXX_LANGUAGE_STANDARD = "gnu++14";
				CLANG_CXX_LIBRARY = "libc++";
				CLANG_ENABLE_MODULES = YES;
				CLANG_ENABLE_OBJC_ARC = YES;
				CLANG_ENABLE_OBJC_WEAK = YES;
				CLANG_WARN_BLOCK_CAPTURE_AUTORELEASING = YES;
				CLANG_WARN_BOOL_CONVERSION = YES;
				CLANG_WARN_COMMA = YES;
				CLANG_WARN_CONSTANT_CONVERSION = YES;
				CLANG_WARN_DEPRECATED_OBJC_IMPLEMENTATIONS = YES;
				CLANG_WARN_DIRECT_OBJC_ISA_USAGE = YES_ERROR;
				CLANG_WARN_DOCUMENTATION_COMMENTS = YES;
				CLANG_WARN_EMPTY_BODY = YES;
				CLANG_WARN_ENUM_CONVERSION = YES;
				CLANG_WARN_INFINITE_RECURSION = YES;
				CLANG_WARN_INT_CONVERSION = YES;
				CLANG_WARN_NON_LITERAL_NULL_CONVERSION = YES;
				CLANG_WARN_OBJC_IMPLICIT_RETAIN_SELF = YES;
				CLANG_WARN_OBJC_LITERAL_CONVERSION = YES;
				CLANG_WARN_OBJC_ROOT_CLASS = YES_ERROR;
				CLANG_WARN_RANGE_LOOP_ANALYSIS = YES;
				CLANG_WARN_STRICT_PROTOTYPES = YES;
				CLANG_WARN_SUSPICIOUS_MOVE = YES;
				CLANG_WARN_UNGUARDED_AVAILABILITY = YES_AGGRESSIVE;
				CLANG_WARN_UNREACHABLE_CODE = YES;
				CLANG_WARN__DUPLICATE_METHOD_MATCH = YES;
				CODE_SIGN_IDENTITY = "iPhone Developer";
				COPY_PHASE_STRIP = NO;
				DEBUG_INFORMATION_FORMAT = dwarf;
				ENABLE_STRICT_OBJC_MSGSEND = YES;
				ENABLE_TESTABILITY = YES;
				GCC_C_LANGUAGE_STANDARD = gnu11;
				GCC_DYNAMIC_NO_PIC = NO;
				GCC_NO_COMMON_BLOCKS = YES;
				GCC_OPTIMIZATION_LEVEL = 0;
				GCC_PREPROCESSOR_DEFINITIONS = (
					"DEBUG=1",
					"$(inherited)",
				);
				GCC_WARN_64_TO_32_BIT_CONVERSION = YES;
				GCC_WARN_ABOUT_RETURN_TYPE = YES_ERROR;
				GCC_WARN_UNDECLARED_SELECTOR = YES;
				GCC_WARN_UNINITIALIZED_AUTOS = YES_AGGRESSIVE;
				GCC_WARN_UNUSED_FUNCTION = YES;
				GCC_WARN_UNUSED_VARIABLE = YES;
				IPHONEOS_DEPLOYMENT_TARGET = 11.4;
				MTL_ENABLE_DEBUG_INFO = YES;
				ONLY_ACTIVE_ARCH = YES;
				SDKROOT = iphoneos;
				SWIFT_ACTIVE_COMPILATION_CONDITIONS = DEBUG;
				SWIFT_OPTIMIZATION_LEVEL = "-Onone";
			};
			name = Debug;
		};
		A41EF25021045890005A08D4 /* Release */ = {
			isa = XCBuildConfiguration;
			buildSettings = {
				ALWAYS_SEARCH_USER_PATHS = NO;
				CLANG_ANALYZER_NONNULL = YES;
				CLANG_ANALYZER_NUMBER_OBJECT_CONVERSION = YES_AGGRESSIVE;
				CLANG_CXX_LANGUAGE_STANDARD = "gnu++14";
				CLANG_CXX_LIBRARY = "libc++";
				CLANG_ENABLE_MODULES = YES;
				CLANG_ENABLE_OBJC_ARC = YES;
				CLANG_ENABLE_OBJC_WEAK = YES;
				CLANG_WARN_BLOCK_CAPTURE_AUTORELEASING = YES;
				CLANG_WARN_BOOL_CONVERSION = YES;
				CLANG_WARN_COMMA = YES;
				CLANG_WARN_CONSTANT_CONVERSION = YES;
				CLANG_WARN_DEPRECATED_OBJC_IMPLEMENTATIONS = YES;
				CLANG_WARN_DIRECT_OBJC_ISA_USAGE = YES_ERROR;
				CLANG_WARN_DOCUMENTATION_COMMENTS = YES;
				CLANG_WARN_EMPTY_BODY = YES;
				CLANG_WARN_ENUM_CONVERSION = YES;
				CLANG_WARN_INFINITE_RECURSION = YES;
				CLANG_WARN_INT_CONVERSION = YES;
				CLANG_WARN_NON_LITERAL_NULL_CONVERSION = YES;
				CLANG_WARN_OBJC_IMPLICIT_RETAIN_SELF = YES;
				CLANG_WARN_OBJC_LITERAL_CONVERSION = YES;
				CLANG_WARN_OBJC_ROOT_CLASS = YES_ERROR;
				CLANG_WARN_RANGE_LOOP_ANALYSIS = YES;
				CLANG_WARN_STRICT_PROTOTYPES = YES;
				CLANG_WARN_SUSPICIOUS_MOVE = YES;
				CLANG_WARN_UNGUARDED_AVAILABILITY = YES_AGGRESSIVE;
				CLANG_WARN_UNREACHABLE_CODE = YES;
				CLANG_WARN__DUPLICATE_METHOD_MATCH = YES;
				CODE_SIGN_IDENTITY = "iPhone Developer";
				COPY_PHASE_STRIP = NO;
				DEBUG_INFORMATION_FORMAT = "dwarf-with-dsym";
				ENABLE_NS_ASSERTIONS = NO;
				ENABLE_STRICT_OBJC_MSGSEND = YES;
				GCC_C_LANGUAGE_STANDARD = gnu11;
				GCC_NO_COMMON_BLOCKS = YES;
				GCC_WARN_64_TO_32_BIT_CONVERSION = YES;
				GCC_WARN_ABOUT_RETURN_TYPE = YES_ERROR;
				GCC_WARN_UNDECLARED_SELECTOR = YES;
				GCC_WARN_UNINITIALIZED_AUTOS = YES_AGGRESSIVE;
				GCC_WARN_UNUSED_FUNCTION = YES;
				GCC_WARN_UNUSED_VARIABLE = YES;
				IPHONEOS_DEPLOYMENT_TARGET = 11.4;
				MTL_ENABLE_DEBUG_INFO = NO;
				SDKROOT = iphoneos;
				SWIFT_COMPILATION_MODE = wholemodule;
				SWIFT_OPTIMIZATION_LEVEL = "-O";
				VALIDATE_PRODUCT = YES;
			};
			name = Release;
		};
		A41EF25221045890005A08D4 /* Debug */ = {
			isa = XCBuildConfiguration;
			buildSettings = {
				ASSETCATALOG_COMPILER_APPICON_NAME = AppIcon;
				CODE_SIGN_STYLE = Automatic;
				DEVELOPMENT_TEAM = 34B4V7U2QV;
				INFOPLIST_FILE = Sports/Info.plist;
				LD_RUNPATH_SEARCH_PATHS = (
					"$(inherited)",
					"@executable_path/Frameworks",
				);
				PRODUCT_BUNDLE_IDENTIFIER = au.com.deanparreno.Sports.Sports;
				PRODUCT_NAME = "$(TARGET_NAME)";
				SWIFT_VERSION = 4.0;
				TARGETED_DEVICE_FAMILY = "1,2";
			};
			name = Debug;
		};
		A41EF25321045890005A08D4 /* Release */ = {
			isa = XCBuildConfiguration;
			buildSettings = {
				ASSETCATALOG_COMPILER_APPICON_NAME = AppIcon;
				CODE_SIGN_STYLE = Automatic;
				DEVELOPMENT_TEAM = 34B4V7U2QV;
				INFOPLIST_FILE = Sports/Info.plist;
				LD_RUNPATH_SEARCH_PATHS = (
					"$(inherited)",
					"@executable_path/Frameworks",
				);
				PRODUCT_BUNDLE_IDENTIFIER = au.com.deanparreno.Sports.Sports;
				PRODUCT_NAME = "$(TARGET_NAME)";
				SWIFT_VERSION = 4.0;
				TARGETED_DEVICE_FAMILY = "1,2";
			};
			name = Release;
		};
		A41EF25521045890005A08D4 /* Debug */ = {
			isa = XCBuildConfiguration;
			buildSettings = {
				ALWAYS_EMBED_SWIFT_STANDARD_LIBRARIES = YES;
				BUNDLE_LOADER = "$(TEST_HOST)";
				CODE_SIGN_STYLE = Automatic;
				DEVELOPMENT_TEAM = 34B4V7U2QV;
				INFOPLIST_FILE = SportsTests/Info.plist;
				LD_RUNPATH_SEARCH_PATHS = (
					"$(inherited)",
					"@executable_path/Frameworks",
					"@loader_path/Frameworks",
				);
				PRODUCT_BUNDLE_IDENTIFIER = au.com.deanparreno.Sports.SportsTests;
				PRODUCT_NAME = "$(TARGET_NAME)";
				SWIFT_VERSION = 4.0;
				TARGETED_DEVICE_FAMILY = "1,2";
				TEST_HOST = "$(BUILT_PRODUCTS_DIR)/Sports.app/Sports";
			};
			name = Debug;
		};
		A41EF25621045890005A08D4 /* Release */ = {
			isa = XCBuildConfiguration;
			buildSettings = {
				ALWAYS_EMBED_SWIFT_STANDARD_LIBRARIES = YES;
				BUNDLE_LOADER = "$(TEST_HOST)";
				CODE_SIGN_STYLE = Automatic;
				DEVELOPMENT_TEAM = 34B4V7U2QV;
				INFOPLIST_FILE = SportsTests/Info.plist;
				LD_RUNPATH_SEARCH_PATHS = (
					"$(inherited)",
					"@executable_path/Frameworks",
					"@loader_path/Frameworks",
				);
				PRODUCT_BUNDLE_IDENTIFIER = au.com.deanparreno.Sports.SportsTests;
				PRODUCT_NAME = "$(TARGET_NAME)";
				SWIFT_VERSION = 4.0;
				TARGETED_DEVICE_FAMILY = "1,2";
				TEST_HOST = "$(BUILT_PRODUCTS_DIR)/Sports.app/Sports";
			};
			name = Release;
		};
		A41EF25821045890005A08D4 /* Debug */ = {
			isa = XCBuildConfiguration;
			buildSettings = {
				ALWAYS_EMBED_SWIFT_STANDARD_LIBRARIES = YES;
				CODE_SIGN_STYLE = Automatic;
				DEVELOPMENT_TEAM = 34B4V7U2QV;
				INFOPLIST_FILE = SportsUITests/Info.plist;
				LD_RUNPATH_SEARCH_PATHS = (
					"$(inherited)",
					"@executable_path/Frameworks",
					"@loader_path/Frameworks",
				);
				PRODUCT_BUNDLE_IDENTIFIER = au.com.deanparreno.Sports.SportsUITests;
				PRODUCT_NAME = "$(TARGET_NAME)";
				SWIFT_VERSION = 4.0;
				TARGETED_DEVICE_FAMILY = "1,2";
				TEST_TARGET_NAME = Sports;
			};
			name = Debug;
		};
		A41EF25921045890005A08D4 /* Release */ = {
			isa = XCBuildConfiguration;
			buildSettings = {
				ALWAYS_EMBED_SWIFT_STANDARD_LIBRARIES = YES;
				CODE_SIGN_STYLE = Automatic;
				DEVELOPMENT_TEAM = 34B4V7U2QV;
				INFOPLIST_FILE = SportsUITests/Info.plist;
				LD_RUNPATH_SEARCH_PATHS = (
					"$(inherited)",
					"@executable_path/Frameworks",
					"@loader_path/Frameworks",
				);
				PRODUCT_BUNDLE_IDENTIFIER = au.com.deanparreno.Sports.SportsUITests;
				PRODUCT_NAME = "$(TARGET_NAME)";
				SWIFT_VERSION = 4.0;
				TARGETED_DEVICE_FAMILY = "1,2";
				TEST_TARGET_NAME = Sports;
			};
			name = Release;
		};
/* End XCBuildConfiguration section */

/* Begin XCConfigurationList section */
		A41EF2242104588F005A08D4 /* Build configuration list for PBXProject "Sports" */ = {
			isa = XCConfigurationList;
			buildConfigurations = (
				A41EF24F21045890005A08D4 /* Debug */,
				A41EF25021045890005A08D4 /* Release */,
			);
			defaultConfigurationIsVisible = 0;
			defaultConfigurationName = Release;
		};
		A41EF25121045890005A08D4 /* Build configuration list for PBXNativeTarget "Sports" */ = {
			isa = XCConfigurationList;
			buildConfigurations = (
				A41EF25221045890005A08D4 /* Debug */,
				A41EF25321045890005A08D4 /* Release */,
			);
			defaultConfigurationIsVisible = 0;
			defaultConfigurationName = Release;
		};
		A41EF25421045890005A08D4 /* Build configuration list for PBXNativeTarget "SportsTests" */ = {
			isa = XCConfigurationList;
			buildConfigurations = (
				A41EF25521045890005A08D4 /* Debug */,
				A41EF25621045890005A08D4 /* Release */,
			);
			defaultConfigurationIsVisible = 0;
			defaultConfigurationName = Release;
		};
		A41EF25721045890005A08D4 /* Build configuration list for PBXNativeTarget "SportsUITests" */ = {
			isa = XCConfigurationList;
			buildConfigurations = (
				A41EF25821045890005A08D4 /* Debug */,
				A41EF25921045890005A08D4 /* Release */,
			);
			defaultConfigurationIsVisible = 0;
			defaultConfigurationName = Release;
		};
/* End XCConfigurationList section */
	};
	rootObject = A41EF2212104588F005A08D4 /* Project object */;
}
